
Microsoft Visual Studio Solution File, Format Version 11.00
# Visual Studio 2010
Project("{FAE04EC0-301F-11D3-BF4B-00C04F79EFBC}") = "GPUPerfNet", "GPUPerfNet\GPUPerfNet.csproj", "{29BCD3E7-CAB7-4279-ADC3-D21372BBCE94}"
EndProject
Project("{FAE04EC0-301F-11D3-BF4B-00C04F79EFBC}") = "Tester", "Tester\Tester.csproj", "{88730B36-231C-4BCD-941D-02B2E3DE1882}"
EndProject
Project("{FAE04EC0-301F-11D3-BF4B-00C04F79EFBC}") = "KeyPi", "KeyPi\KeyPi.csproj", "{D0AFBDAA-07C7-4FE5-BA8A-F1B14D40C1F4}"
EndProject
Project("{8BC9CEB8-8B4A-11D0-8D11-00A0C91BC942}") = "KeyPiTestDll", "KeyPiTestDll\KeyPiTestDll.vcxproj", "{82EEECDF-DC95-480B-911C-C949DB64E6E8}"
EndProject
Global
	GlobalSection(SolutionConfigurationPlatforms) = preSolution
		Debug|Any CPU = Debug|Any CPU
		Debug|Mixed Platforms = Debug|Mixed Platforms
		Debug|Win32 = Debug|Win32
		Debug|x86 = Debug|x86
		Release|Any CPU = Release|Any CPU
		Release|Mixed Platforms = Release|Mixed Platforms
		Release|Win32 = Release|Win32
		Release|x86 = Release|x86
	EndGlobalSection
	GlobalSection(ProjectConfigurationPlatforms) = postSolution
		{29BCD3E7-CAB7-4279-ADC3-D21372BBCE94}.Debug|Any CPU.ActiveCfg = Debug|Any CPU
		{29BCD3E7-CAB7-4279-ADC3-D21372BBCE94}.Debug|Any CPU.Build.0 = Debug|Any CPU
		{29BCD3E7-CAB7-4279-ADC3-D21372BBCE94}.Debug|Mixed Platforms.ActiveCfg = Debug|Any CPU
		{29BCD3E7-CAB7-4279-ADC3-D21372BBCE94}.Debug|Mixed Platforms.Build.0 = Debug|Any CPU
		{29BCD3E7-CAB7-4279-ADC3-D21372BBCE94}.Debug|Win32.ActiveCfg = Debug|Any CPU
		{29BCD3E7-CAB7-4279-ADC3-D21372BBCE94}.Debug|x86.ActiveCfg = Debug|Any CPU
		{29BCD3E7-CAB7-4279-ADC3-D21372BBCE94}.Release|Any CPU.ActiveCfg = Release|Any CPU
		{29BCD3E7-CAB7-4279-ADC3-D21372BBCE94}.Release|Any CPU.Build.0 = Release|Any CPU
		{29BCD3E7-CAB7-4279-ADC3-D21372BBCE94}.Release|Mixed Platforms.ActiveCfg = Release|Any CPU
		{29BCD3E7-CAB7-4279-ADC3-D21372BBCE94}.Release|Mixed Platforms.Build.0 = Release|Any CPU
		{29BCD3E7-CAB7-4279-ADC3-D21372BBCE94}.Release|Win32.ActiveCfg = Release|Any CPU
		{29BCD3E7-CAB7-4279-ADC3-D21372BBCE94}.Release|x86.ActiveCfg = Release|Any CPU
		{88730B36-231C-4BCD-941D-02B2E3DE1882}.Debug|Any CPU.ActiveCfg = Debug|x86
		{88730B36-231C-4BCD-941D-02B2E3DE1882}.Debug|Mixed Platforms.ActiveCfg = Debug|x86
		{88730B36-231C-4BCD-941D-02B2E3DE1882}.Debug|Mixed Platforms.Build.0 = Debug|x86
		{88730B36-231C-4BCD-941D-02B2E3DE1882}.Debug|Win32.ActiveCfg = Debug|x86
		{88730B36-231C-4BCD-941D-02B2E3DE1882}.Debug|x86.ActiveCfg = Debug|x86
		{88730B36-231C-4BCD-941D-02B2E3DE1882}.Debug|x86.Build.0 = Debug|x86
		{88730B36-231C-4BCD-941D-02B2E3DE1882}.Release|Any CPU.ActiveCfg = Release|x86
		{88730B36-231C-4BCD-941D-02B2E3DE1882}.Release|Mixed Platforms.ActiveCfg = Release|x86
		{88730B36-231C-4BCD-941D-02B2E3DE1882}.Release|Mixed Platforms.Build.0 = Release|x86
		{88730B36-231C-4BCD-941D-02B2E3DE1882}.Release|Win32.ActiveCfg = Release|x86
		{88730B36-231C-4BCD-941D-02B2E3DE1882}.Release|x86.ActiveCfg = Release|x86
		{88730B36-231C-4BCD-941D-02B2E3DE1882}.Release|x86.Build.0 = Release|x86
		{D0AFBDAA-07C7-4FE5-BA8A-F1B14D40C1F4}.Debug|Any CPU.ActiveCfg = Debug|Any CPU
		{D0AFBDAA-07C7-4FE5-BA8A-F1B14D40C1F4}.Debug|Any CPU.Build.0 = Debug|Any CPU
		{D0AFBDAA-07C7-4FE5-BA8A-F1B14D40C1F4}.Debug|Mixed Platforms.ActiveCfg = Debug|Any CPU
		{D0AFBDAA-07C7-4FE5-BA8A-F1B14D40C1F4}.Debug|Mixed Platforms.Build.0 = Debug|Any CPU
		{D0AFBDAA-07C7-4FE5-BA8A-F1B14D40C1F4}.Debug|Win32.ActiveCfg = Debug|Any CPU
		{D0AFBDAA-07C7-4FE5-BA8A-F1B14D40C1F4}.Debug|x86.ActiveCfg = Debug|Any CPU
		{D0AFBDAA-07C7-4FE5-BA8A-F1B14D40C1F4}.Release|Any CPU.ActiveCfg = Release|Any CPU
		{D0AFBDAA-07C7-4FE5-BA8A-F1B14D40C1F4}.Release|Any CPU.Build.0 = Release|Any CPU
		{D0AFBDAA-07C7-4FE5-BA8A-F1B14D40C1F4}.Release|Mixed Platforms.ActiveCfg = Release|Any CPU
		{D0AFBDAA-07C7-4FE5-BA8A-F1B14D40C1F4}.Release|Mixed Platforms.Build.0 = Release|Any CPU
		{D0AFBDAA-07C7-4FE5-BA8A-F1B14D40C1F4}.Release|Win32.ActiveCfg = Release|Any CPU
		{D0AFBDAA-07C7-4FE5-BA8A-F1B14D40C1F4}.Release|x86.ActiveCfg = Release|Any CPU
		{82EEECDF-DC95-480B-911C-C949DB64E6E8}.Debug|Any CPU.ActiveCfg = Debug|Win32
		{82EEECDF-DC95-480B-911C-C949DB64E6E8}.Debug|Mixed Platforms.ActiveCfg = Debug|Win32
		{82EEECDF-DC95-480B-911C-C949DB64E6E8}.Debug|Mixed Platforms.Build.0 = Debug|Win32
		{82EEECDF-DC95-480B-911C-C949DB64E6E8}.Debug|Win32.ActiveCfg = Debug|Win32
		{82EEECDF-DC95-480B-911C-C949DB64E6E8}.Debug|Win32.Build.0 = Debug|Win32
		{82EEECDF-DC95-480B-911C-C949DB64E6E8}.Debug|x86.ActiveCfg = Debug|Win32
		{82EEECDF-DC95-480B-911C-C949DB64E6E8}.Release|Any CPU.ActiveCfg = Release|Win32
		{82EEECDF-DC95-480B-911C-C949DB64E6E8}.Release|Mixed Platforms.ActiveCfg = Release|Win32
		{82EEECDF-DC95-480B-911C-C949DB64E6E8}.Release|Mixed Platforms.Build.0 = Release|Win32
		{82EEECDF-DC95-480B-911C-C949DB64E6E8}.Release|Win32.ActiveCfg = Release|Win32
		{82EEECDF-DC95-480B-911C-C949DB64E6E8}.Release|Win32.Build.0 = Release|Win32
		{82EEECDF-DC95-480B-911C-C949DB64E6E8}.Release|x86.ActiveCfg = Release|Win32
	EndGlobalSection
	GlobalSection(SolutionProperties) = preSolution
		HideSolutionNode = FALSE
	EndGlobalSection
EndGlobal
